// !$*UTF8*$!
{
	archiveVersion = 1;
	classes = {
	};
	objectVersion = 46;
	objects = {

/* Begin PBXBuildFile section */
		F596318E15E2198700A041D7 /* UIKit.framework in Frameworks */ = {isa = PBXBuildFile; fileRef = F596318D15E2198700A041D7 /* UIKit.framework */; };
		F596319015E2198700A041D7 /* Foundation.framework in Frameworks */ = {isa = PBXBuildFile; fileRef = F596318F15E2198700A041D7 /* Foundation.framework */; };
		F596319215E2198700A041D7 /* CoreGraphics.framework in Frameworks */ = {isa = PBXBuildFile; fileRef = F596319115E2198700A041D7 /* CoreGraphics.framework */; };
		F596319815E2198700A041D7 /* InfoPlist.strings in Resources */ = {isa = PBXBuildFile; fileRef = F596319615E2198700A041D7 /* InfoPlist.strings */; };
		F596319A15E2198700A041D7 /* main.m in Sources */ = {isa = PBXBuildFile; fileRef = F596319915E2198700A041D7 /* main.m */; };
		F596319E15E2198700A041D7 /* LjsAppDelegate.m in Sources */ = {isa = PBXBuildFile; fileRef = F596319D15E2198700A041D7 /* LjsAppDelegate.m */; };
		F59631A115E2198700A041D7 /* LjsViewController.m in Sources */ = {isa = PBXBuildFile; fileRef = F59631A015E2198700A041D7 /* LjsViewController.m */; };
		F59631A415E2198700A041D7 /* LjsViewController.xib in Resources */ = {isa = PBXBuildFile; fileRef = F59631A215E2198700A041D7 /* LjsViewController.xib */; };
/* End PBXBuildFile section */

/* Begin PBXFileReference section */
		F596318915E2198700A041D7 /* Ellpsis_ISSUE_55.app */ = {isa = PBXFileReference; explicitFileType = wrapper.application; includeInIndex = 0; path = Ellpsis_ISSUE_55.app; sourceTree = BUILT_PRODUCTS_DIR; };
		F596318D15E2198700A041D7 /* UIKit.framework */ = {isa = PBXFileReference; lastKnownFileType = wrapper.framework; name = UIKit.framework; path = System/Library/Frameworks/UIKit.framework; sourceTree = SDKROOT; };
		F596318F15E2198700A041D7 /* Foundation.framework */ = {isa = PBXFileReference; lastKnownFileType = wrapper.framework; name = Foundation.framework; path = System/Library/Frameworks/Foundation.framework; sourceTree = SDKROOT; };
		F596319115E2198700A041D7 /* CoreGraphics.framework */ = {isa = PBXFileReference; lastKnownFileType = wrapper.framework; name = CoreGraphics.framework; path = System/Library/Frameworks/CoreGraphics.framework; sourceTree = SDKROOT; };
		F596319515E2198700A041D7 /* Ellpsis_ISSUE_55-Info.plist */ = {isa = PBXFileReference; lastKnownFileType = text.plist.xml; path = "Ellpsis_ISSUE_55-Info.plist"; sourceTree = "<group>"; };
		F596319715E2198700A041D7 /* en */ = {isa = PBXFileReference; lastKnownFileType = text.plist.strings; name = en; path = en.lproj/InfoPlist.strings; sourceTree = "<group>"; };
		F596319915E2198700A041D7 /* main.m */ = {isa = PBXFileReference; lastKnownFileType = sourcecode.c.objc; path = main.m; sourceTree = "<group>"; };
		F596319B15E2198700A041D7 /* Ellpsis_ISSUE_55-Prefix.pch */ = {isa = PBXFileReference; lastKnownFileType = sourcecode.c.h; path = "Ellpsis_ISSUE_55-Prefix.pch"; sourceTree = "<group>"; };
		F596319C15E2198700A041D7 /* LjsAppDelegate.h */ = {isa = PBXFileReference; lastKnownFileType = sourcecode.c.h; path = LjsAppDelegate.h; sourceTree = "<group>"; };
		F596319D15E2198700A041D7 /* LjsAppDelegate.m */ = {isa = PBXFileReference; lastKnownFileType = sourcecode.c.objc; path = LjsAppDelegate.m; sourceTree = "<group>"; };
		F596319F15E2198700A041D7 /* LjsViewController.h */ = {isa = PBXFileReference; lastKnownFileType = sourcecode.c.h; path = LjsViewController.h; sourceTree = "<group>"; };
		F59631A015E2198700A041D7 /* LjsViewController.m */ = {isa = PBXFileReference; lastKnownFileType = sourcecode.c.objc; path = LjsViewController.m; sourceTree = "<group>"; };
		F59631A315E2198700A041D7 /* en */ = {isa = PBXFileReference; lastKnownFileType = file.xib; name = en; path = en.lproj/LjsViewController.xib; sourceTree = "<group>"; };
/* End PBXFileReference section */

/* Begin PBXFrameworksBuildPhase section */
		F596318615E2198700A041D7 /* Frameworks */ = {
			isa = PBXFrameworksBuildPhase;
			buildActionMask = 2147483647;
			files = (
				F596318E15E2198700A041D7 /* UIKit.framework in Frameworks */,
				F596319015E2198700A041D7 /* Foundation.framework in Frameworks */,
				F596319215E2198700A041D7 /* CoreGraphics.framework in Frameworks */,
			);
			runOnlyForDeploymentPostprocessing = 0;
		};
/* End PBXFrameworksBuildPhase section */

/* Begin PBXGroup section */
		F596317E15E2198700A041D7 = {
			isa = PBXGroup;
			children = (
				F596319315E2198700A041D7 /* Ellpsis_ISSUE_55 */,
				F596318C15E2198700A041D7 /* Frameworks */,
				F596318A15E2198700A041D7 /* Products */,
			);
			sourceTree = "<group>";
		};
		F596318A15E2198700A041D7 /* Products */ = {
			isa = PBXGroup;
			children = (
				F596318915E2198700A041D7 /* Ellpsis_ISSUE_55.app */,
			);
			name = Products;
			sourceTree = "<group>";
		};
		F596318C15E2198700A041D7 /* Frameworks */ = {
			isa = PBXGroup;
			children = (
				F596318D15E2198700A041D7 /* UIKit.framework */,
				F596318F15E2198700A041D7 /* Foundation.framework */,
				F596319115E2198700A041D7 /* CoreGraphics.framework */,
			);
			name = Frameworks;
			sourceTree = "<group>";
		};
		F596319315E2198700A041D7 /* Ellpsis_ISSUE_55 */ = {
			isa = PBXGroup;
			children = (
				F596319C15E2198700A041D7 /* LjsAppDelegate.h */,
				F596319D15E2198700A041D7 /* LjsAppDelegate.m */,
				F596319F15E2198700A041D7 /* LjsViewController.h */,
				F59631A015E2198700A041D7 /* LjsViewController.m */,
				F59631A215E2198700A041D7 /* LjsViewController.xib */,
				F596319415E2198700A041D7 /* Supporting Files */,
			);
			path = Ellpsis_ISSUE_55;
			sourceTree = "<group>";
		};
		F596319415E2198700A041D7 /* Supporting Files */ = {
			isa = PBXGroup;
			children = (
				F596319515E2198700A041D7 /* Ellpsis_ISSUE_55-Info.plist */,
				F596319615E2198700A041D7 /* InfoPlist.strings */,
				F596319915E2198700A041D7 /* main.m */,
				F596319B15E2198700A041D7 /* Ellpsis_ISSUE_55-Prefix.pch */,
			);
			name = "Supporting Files";
			sourceTree = "<group>";
		};
/* End PBXGroup section */

/* Begin PBXNativeTarget section */
		F596318815E2198700A041D7 /* Ellpsis_ISSUE_55 */ = {
			isa = PBXNativeTarget;
			buildConfigurationList = F59631A715E2198700A041D7 /* Build configuration list for PBXNativeTarget "Ellpsis_ISSUE_55" */;
			buildPhases = (
				F596318515E2198700A041D7 /* Sources */,
				F596318615E2198700A041D7 /* Frameworks */,
				F596318715E2198700A041D7 /* Resources */,
			);
			buildRules = (
			);
			dependencies = (
			);
			name = Ellpsis_ISSUE_55;
			productName = Ellpsis_ISSUE_55;
			productReference = F596318915E2198700A041D7 /* Ellpsis_ISSUE_55.app */;
			productType = "com.apple.product-type.application";
		};
/* End PBXNativeTarget section */

/* Begin PBXProject section */
		F596318015E2198700A041D7 /* Project object */ = {
			isa = PBXProject;
			attributes = {
				CLASSPREFIX = Ljs;
				LastUpgradeCheck = 0440;
				ORGANIZATIONNAME = "Joshua Moody";
			};
			buildConfigurationList = F596318315E2198700A041D7 /* Build configuration list for PBXProject "Ellpsis_ISSUE_55" */;
			compatibilityVersion = "Xcode 3.2";
			developmentRegion = English;
			hasScannedForEncodings = 0;
			knownRegions = (
				en,
			);
			mainGroup = F596317E15E2198700A041D7;
			productRefGroup = F596318A15E2198700A041D7 /* Products */;
			projectDirPath = "";
			projectRoot = "";
			targets = (
				F596318815E2198700A041D7 /* Ellpsis_ISSUE_55 */,
			);
		};
/* End PBXProject section */

/* Begin PBXResourcesBuildPhase section */
		F596318715E2198700A041D7 /* Resources */ = {
			isa = PBXResourcesBuildPhase;
			buildActionMask = 2147483647;
			files = (
				F596319815E2198700A041D7 /* InfoPlist.strings in Resources */,
				F59631A415E2198700A041D7 /* LjsViewController.xib in Resources */,
			);
			runOnlyForDeploymentPostprocessing = 0;
		};
/* End PBXResourcesBuildPhase section */

/* Begin PBXSourcesBuildPhase section */
		F596318515E2198700A041D7 /* Sources */ = {
			isa = PBXSourcesBuildPhase;
			buildActionMask = 2147483647;
			files = (
				F596319A15E2198700A041D7 /* main.m in Sources */,
				F596319E15E2198700A041D7 /* LjsAppDelegate.m in Sources */,
				F59631A115E2198700A041D7 /* LjsViewController.m in Sources */,
			);
			runOnlyForDeploymentPostprocessing = 0;
		};
/* End PBXSourcesBuildPhase section */

/* Begin PBXVariantGroup section */
		F596319615E2198700A041D7 /* InfoPlist.strings */ = {
			isa = PBXVariantGroup;
			children = (
				F596319715E2198700A041D7 /* en */,
			);
			name = InfoPlist.strings;
			sourceTree = "<group>";
		};
		F59631A215E2198700A041D7 /* LjsViewController.xib */ = {
			isa = PBXVariantGroup;
			children = (
				F59631A315E2198700A041D7 /* en */,
			);
			name = LjsViewController.xib;
			sourceTree = "<group>";
		};
/* End PBXVariantGroup section */

/* Begin XCBuildConfiguration section */
		F59631A515E2198700A041D7 /* Debug */ = {
			isa = XCBuildConfiguration;
			buildSettings = {
				ALWAYS_SEARCH_USER_PATHS = NO;
				ARCHS = "$(ARCHS_STANDARD_32_BIT)";
				CLANG_CXX_LANGUAGE_STANDARD = "gnu++0x";
				CLANG_ENABLE_OBJC_ARC = YES;
				CLANG_WARN__DUPLICATE_METHOD_MATCH = YES;
				"CODE_SIGN_IDENTITY[sdk=iphoneos*]" = "iPhone Developer";
				COPY_PHASE_STRIP = NO;
				GCC_C_LANGUAGE_STANDARD = gnu99;
				GCC_DYNAMIC_NO_PIC = NO;
				GCC_OPTIMIZATION_LEVEL = 0;
				GCC_PREPROCESSOR_DEFINITIONS = (
					"DEBUG=1",
					"$(inherited)",
				);
				GCC_SYMBOLS_PRIVATE_EXTERN = NO;
				GCC_VERSION = com.apple.compilers.llvm.clang.1_0;
				GCC_WARN_ABOUT_RETURN_TYPE = YES;
				GCC_WARN_UNINITIALIZED_AUTOS = YES;
				GCC_WARN_UNUSED_VARIABLE = YES;
				IPHONEOS_DEPLOYMENT_TARGET = 5.1;
				SDKROOT = iphoneos;
			};
			name = Debug;
		};
		F59631A615E2198700A041D7 /* Release */ = {
			isa = XCBuildConfiguration;
			buildSettings = {
				ALWAYS_SEARCH_USER_PATHS = NO;
				ARCHS = "$(ARCHS_STANDARD_32_BIT)";
				CLANG_CXX_LANGUAGE_STANDARD = "gnu++0x";
				CLANG_ENABLE_OBJC_ARC = YES;
				CLANG_WARN__DUPLICATE_METHOD_MATCH = YES;
				"CODE_SIGN_IDENTITY[sdk=iphoneos*]" = "iPhone Developer";
				COPY_PHASE_STRIP = YES;
				GCC_C_LANGUAGE_STANDARD = gnu99;
				GCC_VERSION = com.apple.compilers.llvm.clang.1_0;
				GCC_WARN_ABOUT_RETURN_TYPE = YES;
				GCC_WARN_UNINITIALIZED_AUTOS = YES;
				GCC_WARN_UNUSED_VARIABLE = YES;
				IPHONEOS_DEPLOYMENT_TARGET = 5.1;
				OTHER_CFLAGS = "-DNS_BLOCK_ASSERTIONS=1";
				SDKROOT = iphoneos;
				VALIDATE_PRODUCT = YES;
			};
			name = Release;
		};
		F59631A815E2198700A041D7 /* Debug */ = {
			isa = XCBuildConfiguration;
			buildSettings = {
				GCC_PRECOMPILE_PREFIX_HEADER = YES;
				GCC_PREFIX_HEADER = "Ellpsis_ISSUE_55/Ellpsis_ISSUE_55-Prefix.pch";
				INFOPLIST_FILE = "Ellpsis_ISSUE_55/Ellpsis_ISSUE_55-Info.plist";
				IPHONEOS_DEPLOYMENT_TARGET = 4.2;
				PRODUCT_NAME = "$(TARGET_NAME)";
				WRAPPER_EXTENSION = app;
			};
			name = Debug;
		};
		F59631A915E2198700A041D7 /* Release */ = {
			isa = XCBuildConfiguration;
			buildSettings = {
				GCC_PRECOMPILE_PREFIX_HEADER = YES;
				GCC_PREFIX_HEADER = "Ellpsis_ISSUE_55/Ellpsis_ISSUE_55-Prefix.pch";
				INFOPLIST_FILE = "Ellpsis_ISSUE_55/Ellpsis_ISSUE_55-Info.plist";
				IPHONEOS_DEPLOYMENT_TARGET = 4.2;
				PRODUCT_NAME = "$(TARGET_NAME)";
				WRAPPER_EXTENSION = app;
			};
			name = Release;
		};
/* End XCBuildConfiguration section */

/* Begin XCConfigurationList section */
		F596318315E2198700A041D7 /* Build configuration list for PBXProject "Ellpsis_ISSUE_55" */ = {
			isa = XCConfigurationList;
			buildConfigurations = (
				F59631A515E2198700A041D7 /* Debug */,
				F59631A615E2198700A041D7 /* Release */,
			);
			defaultConfigurationIsVisible = 0;
			defaultConfigurationName = Release;
		};
		F59631A715E2198700A041D7 /* Build configuration list for PBXNativeTarget "Ellpsis_ISSUE_55" */ = {
			isa = XCConfigurationList;
			buildConfigurations = (
				F59631A815E2198700A041D7 /* Debug */,
				F59631A915E2198700A041D7 /* Release */,
			);
			defaultConfigurationIsVisible = 0;
		};
/* End XCConfigurationList section */
	};
	rootObject = F596318015E2198700A041D7 /* Project object */;
}
